
Microsoft Visual Studio Solution File, Format Version 12.00
# Visual Studio Version 17
VisualStudioVersion = 17.9.34723.18
MinimumVisualStudioVersion = 10.0.40219.1
Project("{FAE04EC0-301F-11D3-BF4B-00C04F79EFBC}") = "ReservaDeTeatros", "ReservaDeTeatros\ReservaDeTeatros.csproj", "{E395D087-BCA3-40A8-B628-E1D66C3A1FEE}"
EndProject
Project("{FAE04EC0-301F-11D3-BF4B-00C04F79EFBC}") = "CapaNegocio", "CapaNegocio\CapaNegocio.csproj", "{7C9E0658-9D21-477E-B0CB-6E4043736FEF}"
EndProject
Project("{FAE04EC0-301F-11D3-BF4B-00C04F79EFBC}") = "CapaDatos", "CapaDatos\CapaDatos.csproj", "{12088755-B31D-49FC-9B75-53082C950962}"
EndProject
Global
	GlobalSection(SolutionConfigurationPlatforms) = preSolution
		Debug|Any CPU = Debug|Any CPU
		Release|Any CPU = Release|Any CPU
	EndGlobalSection
	GlobalSection(ProjectConfigurationPlatforms) = postSolution
		{E395D087-BCA3-40A8-B628-E1D66C3A1FEE}.Debug|Any CPU.ActiveCfg = Debug|Any CPU
		{E395D087-BCA3-40A8-B628-E1D66C3A1FEE}.Debug|Any CPU.Build.0 = Debug|Any CPU
		{E395D087-BCA3-40A8-B628-E1D66C3A1FEE}.Release|Any CPU.ActiveCfg = Release|Any CPU
		{E395D087-BCA3-40A8-B628-E1D66C3A1FEE}.Release|Any CPU.Build.0 = Release|Any CPU
		{7C9E0658-9D21-477E-B0CB-6E4043736FEF}.Debug|Any CPU.ActiveCfg = Debug|Any CPU
		{7C9E0658-9D21-477E-B0CB-6E4043736FEF}.Debug|Any CPU.Build.0 = Debug|Any CPU
		{7C9E0658-9D21-477E-B0CB-6E4043736FEF}.Release|Any CPU.ActiveCfg = Release|Any CPU
		{7C9E0658-9D21-477E-B0CB-6E4043736FEF}.Release|Any CPU.Build.0 = Release|Any CPU
		{12088755-B31D-49FC-9B75-53082C950962}.Debug|Any CPU.ActiveCfg = Debug|Any CPU
		{12088755-B31D-49FC-9B75-53082C950962}.Debug|Any CPU.Build.0 = Debug|Any CPU
		{12088755-B31D-49FC-9B75-53082C950962}.Release|Any CPU.ActiveCfg = Release|Any CPU
		{12088755-B31D-49FC-9B75-53082C950962}.Release|Any CPU.Build.0 = Release|Any CPU
	EndGlobalSection
	GlobalSection(SolutionProperties) = preSolution
		HideSolutionNode = FALSE
	EndGlobalSection
	GlobalSection(ExtensibilityGlobals) = postSolution
		SolutionGuid = {CDAFD5AC-B5E4-4999-91F3-5814BF9A2C3A}
	EndGlobalSection
EndGlobal
